{
    "name": "spnr-node-js-test",
    "version": "0.1.0",
    "lockfileVersion": 2,
    "requires": true,
    "packages": {
        "": {
            "name": "spnr-node-js-test",
            "version": "0.1.0",
            "license": "MIT",
            "dependencies": {
                "spnr": "file:../../"
            }
        },
        "../..": {},
        "node_modules/spnr": {
            "resolved": "../..",
            "link": true
        }
    },
    "dependencies": {
        "spnr": {
            "version": "file:../.."
        }
    }
}
